
Microsoft Visual Studio Solution File, Format Version 12.00
# Visual Studio Version 16
VisualStudioVersion = 16.0.29411.108
MinimumVisualStudioVersion = 10.0.40219.1
Project("{FAE04EC0-301F-11D3-BF4B-00C04F79EFBC}") = "WindowsFormsApp2", "WindowsFormsApp2\WindowsFormsApp2.csproj", "{FCF77C50-B3C7-4C43-8EE6-0B5712071601}"
EndProject
Project("{FAE04EC0-301F-11D3-BF4B-00C04F79EFBC}") = "BusinessLogicLayer", "BusinessLogicLayer\BusinessLogicLayer.csproj", "{2ED327F3-437D-4473-BC7E-E0C1B0CAB836}"
EndProject
Project("{FAE04EC0-301F-11D3-BF4B-00C04F79EFBC}") = "CommonLayer", "CommonLayer\CommonLayer.csproj", "{73B4861C-6018-4A52-86DA-27559A34C45D}"
EndProject
Project("{FAE04EC0-301F-11D3-BF4B-00C04F79EFBC}") = "DataAccessLayer", "DataAccessLayer\DataAccessLayer.csproj", "{ABA97FDB-DA1C-4299-AFE1-E41D2B33EE0F}"
EndProject
Project("{FAE04EC0-301F-11D3-BF4B-00C04F79EFBC}") = "BusinessLogicLayer.Interface", "BusinessLogicLayer.Interface\BusinessLogicLayer.Interface.csproj", "{FF664AF6-A508-4CCD-9392-2E84CFB724F3}"
EndProject
Project("{FAE04EC0-301F-11D3-BF4B-00C04F79EFBC}") = "Entity", "Entity\Entity.csproj", "{140089B6-B3B3-4451-8E51-09299497CA27}"
EndProject
Project("{FAE04EC0-301F-11D3-BF4B-00C04F79EFBC}") = "DataAccess.Interface", "UserDao.Interface\DataAccess.Interface.csproj", "{FE97A908-6F2D-43D7-B145-8004BE3B36FF}"
EndProject
Global
	GlobalSection(SolutionConfigurationPlatforms) = preSolution
		Debug|Any CPU = Debug|Any CPU
		Release|Any CPU = Release|Any CPU
	EndGlobalSection
	GlobalSection(ProjectConfigurationPlatforms) = postSolution
		{FCF77C50-B3C7-4C43-8EE6-0B5712071601}.Debug|Any CPU.ActiveCfg = Debug|Any CPU
		{FCF77C50-B3C7-4C43-8EE6-0B5712071601}.Debug|Any CPU.Build.0 = Debug|Any CPU
		{FCF77C50-B3C7-4C43-8EE6-0B5712071601}.Release|Any CPU.ActiveCfg = Release|Any CPU
		{FCF77C50-B3C7-4C43-8EE6-0B5712071601}.Release|Any CPU.Build.0 = Release|Any CPU
		{2ED327F3-437D-4473-BC7E-E0C1B0CAB836}.Debug|Any CPU.ActiveCfg = Debug|Any CPU
		{2ED327F3-437D-4473-BC7E-E0C1B0CAB836}.Debug|Any CPU.Build.0 = Debug|Any CPU
		{2ED327F3-437D-4473-BC7E-E0C1B0CAB836}.Release|Any CPU.ActiveCfg = Release|Any CPU
		{2ED327F3-437D-4473-BC7E-E0C1B0CAB836}.Release|Any CPU.Build.0 = Release|Any CPU
		{73B4861C-6018-4A52-86DA-27559A34C45D}.Debug|Any CPU.ActiveCfg = Debug|Any CPU
		{73B4861C-6018-4A52-86DA-27559A34C45D}.Debug|Any CPU.Build.0 = Debug|Any CPU
		{73B4861C-6018-4A52-86DA-27559A34C45D}.Release|Any CPU.ActiveCfg = Release|Any CPU
		{73B4861C-6018-4A52-86DA-27559A34C45D}.Release|Any CPU.Build.0 = Release|Any CPU
		{ABA97FDB-DA1C-4299-AFE1-E41D2B33EE0F}.Debug|Any CPU.ActiveCfg = Debug|Any CPU
		{ABA97FDB-DA1C-4299-AFE1-E41D2B33EE0F}.Debug|Any CPU.Build.0 = Debug|Any CPU
		{ABA97FDB-DA1C-4299-AFE1-E41D2B33EE0F}.Release|Any CPU.ActiveCfg = Release|Any CPU
		{ABA97FDB-DA1C-4299-AFE1-E41D2B33EE0F}.Release|Any CPU.Build.0 = Release|Any CPU
		{FF664AF6-A508-4CCD-9392-2E84CFB724F3}.Debug|Any CPU.ActiveCfg = Debug|Any CPU
		{FF664AF6-A508-4CCD-9392-2E84CFB724F3}.Debug|Any CPU.Build.0 = Debug|Any CPU
		{FF664AF6-A508-4CCD-9392-2E84CFB724F3}.Release|Any CPU.ActiveCfg = Release|Any CPU
		{FF664AF6-A508-4CCD-9392-2E84CFB724F3}.Release|Any CPU.Build.0 = Release|Any CPU
		{140089B6-B3B3-4451-8E51-09299497CA27}.Debug|Any CPU.ActiveCfg = Debug|Any CPU
		{140089B6-B3B3-4451-8E51-09299497CA27}.Debug|Any CPU.Build.0 = Debug|Any CPU
		{140089B6-B3B3-4451-8E51-09299497CA27}.Release|Any CPU.ActiveCfg = Release|Any CPU
		{140089B6-B3B3-4451-8E51-09299497CA27}.Release|Any CPU.Build.0 = Release|Any CPU
		{FE97A908-6F2D-43D7-B145-8004BE3B36FF}.Debug|Any CPU.ActiveCfg = Debug|Any CPU
		{FE97A908-6F2D-43D7-B145-8004BE3B36FF}.Debug|Any CPU.Build.0 = Debug|Any CPU
		{FE97A908-6F2D-43D7-B145-8004BE3B36FF}.Release|Any CPU.ActiveCfg = Release|Any CPU
		{FE97A908-6F2D-43D7-B145-8004BE3B36FF}.Release|Any CPU.Build.0 = Release|Any CPU
	EndGlobalSection
	GlobalSection(SolutionProperties) = preSolution
		HideSolutionNode = FALSE
	EndGlobalSection
	GlobalSection(ExtensibilityGlobals) = postSolution
		SolutionGuid = {8889FAEC-6CCB-4170-BDE0-BF80C50E1701}
	EndGlobalSection
EndGlobal
